lockfileVersion: '9.0'

settings:
  autoInstallPeers: true
  excludeLinksFromLockfile: false

importers:

  .:
    dependencies:
      '@open-ayame/ayame-web-sdk':
        specifier: 2025.1.1
        version: 2025.1.1
    devDependencies:
      '@biomejs/biome':
        specifier: 1.9.4
        version: 1.9.4
      '@playwright/test':
        specifier: 1.55.0
        version: 1.55.0
      '@types/node':
        specifier: 22.18.6
        version: 22.18.6
      '@types/webrtc':
        specifier: 0.0.46
        version: 0.0.46
      typescript:
        specifier: 5.9.2
        version: 5.9.2
      vite:
        specifier: 7.1.7
        version: 7.1.7(@types/node@22.18.6)

packages:

  '@biomejs/biome@1.9.4':
    resolution: {integrity: sha512-1rkd7G70+o9KkTn5KLmDYXihGoTaIGO9PIIN2ZB7UJxFrWw04CZHPYiMRjYsaDvVV7hP1dYNRLxSANLaBFGpog==}
    engines: {node: '>=14.21.3'}
    hasBin: true

  '@biomejs/cli-darwin-arm64@1.9.4':
    resolution: {integrity: sha512-bFBsPWrNvkdKrNCYeAp+xo2HecOGPAy9WyNyB/jKnnedgzl4W4Hb9ZMzYNbf8dMCGmUdSavlYHiR01QaYR58cw==}
    engines: {node: '>=14.21.3'}
    cpu: [arm64]
    os: [darwin]

  '@biomejs/cli-darwin-x64@1.9.4':
    resolution: {integrity: sha512-ngYBh/+bEedqkSevPVhLP4QfVPCpb+4BBe2p7Xs32dBgs7rh9nY2AIYUL6BgLw1JVXV8GlpKmb/hNiuIxfPfZg==}
    engines: {node: '>=14.21.3'}
    cpu: [x64]
    os: [darwin]

  '@biomejs/cli-linux-arm64-musl@1.9.4':
    resolution: {integrity: sha512-v665Ct9WCRjGa8+kTr0CzApU0+XXtRgwmzIf1SeKSGAv+2scAlW6JR5PMFo6FzqqZ64Po79cKODKf3/AAmECqA==}
    engines: {node: '>=14.21.3'}
    cpu: [arm64]
    os: [linux]

  '@biomejs/cli-linux-arm64@1.9.4':
    resolution: {integrity: sha512-fJIW0+LYujdjUgJJuwesP4EjIBl/N/TcOX3IvIHJQNsAqvV2CHIogsmA94BPG6jZATS4Hi+xv4SkBBQSt1N4/g==}
    engines: {node: '>=14.21.3'}
    cpu: [arm64]
    os: [linux]

  '@biomejs/cli-linux-x64-musl@1.9.4':
    resolution: {integrity: sha512-gEhi/jSBhZ2m6wjV530Yy8+fNqG8PAinM3oV7CyO+6c3CEh16Eizm21uHVsyVBEB6RIM8JHIl6AGYCv6Q6Q9Tg==}
    engines: {node: '>=14.21.3'}
    cpu: [x64]
    os: [linux]

  '@biomejs/cli-linux-x64@1.9.4':
    resolution: {integrity: sha512-lRCJv/Vi3Vlwmbd6K+oQ0KhLHMAysN8lXoCI7XeHlxaajk06u7G+UsFSO01NAs5iYuWKmVZjmiOzJ0OJmGsMwg==}
    engines: {node: '>=14.21.3'}
    cpu: [x64]
    os: [linux]

  '@biomejs/cli-win32-arm64@1.9.4':
    resolution: {integrity: sha512-tlbhLk+WXZmgwoIKwHIHEBZUwxml7bRJgk0X2sPyNR3S93cdRq6XulAZRQJ17FYGGzWne0fgrXBKpl7l4M87Hg==}
    engines: {node: '>=14.21.3'}
    cpu: [arm64]
    os: [win32]

  '@biomejs/cli-win32-x64@1.9.4':
    resolution: {integrity: sha512-8Y5wMhVIPaWe6jw2H+KlEm4wP/f7EW3810ZLmDlrEEy5KvBsb9ECEfu/kMWD484ijfQ8+nIi0giMgu9g1UAuuA==}
    engines: {node: '>=14.21.3'}
    cpu: [x64]
    os: [win32]

  '@esbuild/aix-ppc64@0.25.0':
    resolution: {integrity: sha512-O7vun9Sf8DFjH2UtqK8Ku3LkquL9SZL8OLY1T5NZkA34+wG3OQF7cl4Ql8vdNzM6fzBbYfLaiRLIOZ+2FOCgBQ==}
    engines: {node: '>=18'}
    cpu: [ppc64]
    os: [aix]

  '@esbuild/android-arm64@0.25.0':
    resolution: {integrity: sha512-grvv8WncGjDSyUBjN9yHXNt+cq0snxXbDxy5pJtzMKGmmpPxeAmAhWxXI+01lU5rwZomDgD3kJwulEnhTRUd6g==}
    engines: {node: '>=18'}
    cpu: [arm64]
    os: [android]

  '@esbuild/android-arm@0.25.0':
    resolution: {integrity: sha512-PTyWCYYiU0+1eJKmw21lWtC+d08JDZPQ5g+kFyxP0V+es6VPPSUhM6zk8iImp2jbV6GwjX4pap0JFbUQN65X1g==}
    engines: {node: '>=18'}
    cpu: [arm]
    os: [android]

  '@esbuild/android-x64@0.25.0':
    resolution: {integrity: sha512-m/ix7SfKG5buCnxasr52+LI78SQ+wgdENi9CqyCXwjVR2X4Jkz+BpC3le3AoBPYTC9NHklwngVXvbJ9/Akhrfg==}
    engines: {node: '>=18'}
    cpu: [x64]
    os: [android]

  '@esbuild/darwin-arm64@0.25.0':
    resolution: {integrity: sha512-mVwdUb5SRkPayVadIOI78K7aAnPamoeFR2bT5nszFUZ9P8UpK4ratOdYbZZXYSqPKMHfS1wdHCJk1P1EZpRdvw==}
    engines: {node: '>=18'}
    cpu: [arm64]
    os: [darwin]

  '@esbuild/darwin-x64@0.25.0':
    resolution: {integrity: sha512-DgDaYsPWFTS4S3nWpFcMn/33ZZwAAeAFKNHNa1QN0rI4pUjgqf0f7ONmXf6d22tqTY+H9FNdgeaAa+YIFUn2Rg==}
    engines: {node: '>=18'}
    cpu: [x64]
    os: [darwin]

  '@esbuild/freebsd-arm64@0.25.0':
    resolution: {integrity: sha512-VN4ocxy6dxefN1MepBx/iD1dH5K8qNtNe227I0mnTRjry8tj5MRk4zprLEdG8WPyAPb93/e4pSgi1SoHdgOa4w==}
    engines: {node: '>=18'}
    cpu: [arm64]
    os: [freebsd]

  '@esbuild/freebsd-x64@0.25.0':
    resolution: {integrity: sha512-mrSgt7lCh07FY+hDD1TxiTyIHyttn6vnjesnPoVDNmDfOmggTLXRv8Id5fNZey1gl/V2dyVK1VXXqVsQIiAk+A==}
    engines: {node: '>=18'}
    cpu: [x64]
    os: [freebsd]

  '@esbuild/linux-arm64@0.25.0':
    resolution: {integrity: sha512-9QAQjTWNDM/Vk2bgBl17yWuZxZNQIF0OUUuPZRKoDtqF2k4EtYbpyiG5/Dk7nqeK6kIJWPYldkOcBqjXjrUlmg==}
    engines: {node: '>=18'}
    cpu: [arm64]
    os: [linux]

  '@esbuild/linux-arm@0.25.0':
    resolution: {integrity: sha512-vkB3IYj2IDo3g9xX7HqhPYxVkNQe8qTK55fraQyTzTX/fxaDtXiEnavv9geOsonh2Fd2RMB+i5cbhu2zMNWJwg==}
    engines: {node: '>=18'}
    cpu: [arm]
    os: [linux]

  '@esbuild/linux-ia32@0.25.0':
    resolution: {integrity: sha512-43ET5bHbphBegyeqLb7I1eYn2P/JYGNmzzdidq/w0T8E2SsYL1U6un2NFROFRg1JZLTzdCoRomg8Rvf9M6W6Gg==}
    engines: {node: '>=18'}
    cpu: [ia32]
    os: [linux]

  '@esbuild/linux-loong64@0.25.0':
    resolution: {integrity: sha512-fC95c/xyNFueMhClxJmeRIj2yrSMdDfmqJnyOY4ZqsALkDrrKJfIg5NTMSzVBr5YW1jf+l7/cndBfP3MSDpoHw==}
    engines: {node: '>=18'}
    cpu: [loong64]
    os: [linux]

  '@esbuild/linux-mips64el@0.25.0':
    resolution: {integrity: sha512-nkAMFju7KDW73T1DdH7glcyIptm95a7Le8irTQNO/qtkoyypZAnjchQgooFUDQhNAy4iu08N79W4T4pMBwhPwQ==}
    engines: {node: '>=18'}
    cpu: [mips64el]
    os: [linux]

  '@esbuild/linux-ppc64@0.25.0':
    resolution: {integrity: sha512-NhyOejdhRGS8Iwv+KKR2zTq2PpysF9XqY+Zk77vQHqNbo/PwZCzB5/h7VGuREZm1fixhs4Q/qWRSi5zmAiO4Fw==}
    engines: {node: '>=18'}
    cpu: [ppc64]
    os: [linux]

  '@esbuild/linux-riscv64@0.25.0':
    resolution: {integrity: sha512-5S/rbP5OY+GHLC5qXp1y/Mx//e92L1YDqkiBbO9TQOvuFXM+iDqUNG5XopAnXoRH3FjIUDkeGcY1cgNvnXp/kA==}
    engines: {node: '>=18'}
    cpu: [riscv64]
    os: [linux]

  '@esbuild/linux-s390x@0.25.0':
    resolution: {integrity: sha512-XM2BFsEBz0Fw37V0zU4CXfcfuACMrppsMFKdYY2WuTS3yi8O1nFOhil/xhKTmE1nPmVyvQJjJivgDT+xh8pXJA==}
    engines: {node: '>=18'}
    cpu: [s390x]
    os: [linux]

  '@esbuild/linux-x64@0.25.0':
    resolution: {integrity: sha512-9yl91rHw/cpwMCNytUDxwj2XjFpxML0y9HAOH9pNVQDpQrBxHy01Dx+vaMu0N1CKa/RzBD2hB4u//nfc+Sd3Cw==}
    engines: {node: '>=18'}
    cpu: [x64]
    os: [linux]

  '@esbuild/netbsd-arm64@0.25.0':
    resolution: {integrity: sha512-RuG4PSMPFfrkH6UwCAqBzauBWTygTvb1nxWasEJooGSJ/NwRw7b2HOwyRTQIU97Hq37l3npXoZGYMy3b3xYvPw==}
    engines: {node: '>=18'}
    cpu: [arm64]
    os: [netbsd]

  '@esbuild/netbsd-x64@0.25.0':
    resolution: {integrity: sha512-jl+qisSB5jk01N5f7sPCsBENCOlPiS/xptD5yxOx2oqQfyourJwIKLRA2yqWdifj3owQZCL2sn6o08dBzZGQzA==}
    engines: {node: '>=18'}
    cpu: [x64]
    os: [netbsd]

  '@esbuild/openbsd-arm64@0.25.0':
    resolution: {integrity: sha512-21sUNbq2r84YE+SJDfaQRvdgznTD8Xc0oc3p3iW/a1EVWeNj/SdUCbm5U0itZPQYRuRTW20fPMWMpcrciH2EJw==}
    engines: {node: '>=18'}
    cpu: [arm64]
    os: [openbsd]

  '@esbuild/openbsd-x64@0.25.0':
    resolution: {integrity: sha512-2gwwriSMPcCFRlPlKx3zLQhfN/2WjJ2NSlg5TKLQOJdV0mSxIcYNTMhk3H3ulL/cak+Xj0lY1Ym9ysDV1igceg==}
    engines: {node: '>=18'}
    cpu: [x64]
    os: [openbsd]

  '@esbuild/sunos-x64@0.25.0':
    resolution: {integrity: sha512-bxI7ThgLzPrPz484/S9jLlvUAHYMzy6I0XiU1ZMeAEOBcS0VePBFxh1JjTQt3Xiat5b6Oh4x7UC7IwKQKIJRIg==}
    engines: {node: '>=18'}
    cpu: [x64]
    os: [sunos]

  '@esbuild/win32-arm64@0.25.0':
    resolution: {integrity: sha512-ZUAc2YK6JW89xTbXvftxdnYy3m4iHIkDtK3CLce8wg8M2L+YZhIvO1DKpxrd0Yr59AeNNkTiic9YLf6FTtXWMw==}
    engines: {node: '>=18'}
    cpu: [arm64]
    os: [win32]

  '@esbuild/win32-ia32@0.25.0':
    resolution: {integrity: sha512-eSNxISBu8XweVEWG31/JzjkIGbGIJN/TrRoiSVZwZ6pkC6VX4Im/WV2cz559/TXLcYbcrDN8JtKgd9DJVIo8GA==}
    engines: {node: '>=18'}
    cpu: [ia32]
    os: [win32]

  '@esbuild/win32-x64@0.25.0':
    resolution: {integrity: sha512-ZENoHJBxA20C2zFzh6AI4fT6RraMzjYw4xKWemRTRmRVtN9c5DcH9r/f2ihEkMjOW5eGgrwCslG/+Y/3bL+DHQ==}
    engines: {node: '>=18'}
    cpu: [x64]
    os: [win32]

  '@open-ayame/ayame-web-sdk@2025.1.1':
    resolution: {integrity: sha512-MeGpQ2b34FjxCJCodvOoKvixOaTl1GUwl62x1aGJS8lyI3TIz9tBJc5r7h4DJe3OyE5F1RbK1EbonCpJ/nOCew==}
    engines: {node: '>=20.11'}

  '@playwright/test@1.55.0':
    resolution: {integrity: sha512-04IXzPwHrW69XusN/SIdDdKZBzMfOT9UNT/YiJit/xpy2VuAoB8NHc8Aplb96zsWDddLnbkPL3TsmrS04ZU2xQ==}
    engines: {node: '>=18'}
    hasBin: true

  '@rollup/rollup-android-arm-eabi@4.52.2':
    resolution: {integrity: sha512-o3pcKzJgSGt4d74lSZ+OCnHwkKBeAbFDmbEm5gg70eA8VkyCuC/zV9TwBnmw6VjDlRdF4Pshfb+WE9E6XY1PoQ==}
    cpu: [arm]
    os: [android]

  '@rollup/rollup-android-arm64@4.52.2':
    resolution: {integrity: sha512-cqFSWO5tX2vhC9hJTK8WAiPIm4Q8q/cU8j2HQA0L3E1uXvBYbOZMhE2oFL8n2pKB5sOCHY6bBuHaRwG7TkfJyw==}
    cpu: [arm64]
    os: [android]

  '@rollup/rollup-darwin-arm64@4.52.2':
    resolution: {integrity: sha512-vngduywkkv8Fkh3wIZf5nFPXzWsNsVu1kvtLETWxTFf/5opZmflgVSeLgdHR56RQh71xhPhWoOkEBvbehwTlVA==}
    cpu: [arm64]
    os: [darwin]

  '@rollup/rollup-darwin-x64@4.52.2':
    resolution: {integrity: sha512-h11KikYrUCYTrDj6h939hhMNlqU2fo/X4NB0OZcys3fya49o1hmFaczAiJWVAFgrM1NCP6RrO7lQKeVYSKBPSQ==}
    cpu: [x64]
    os: [darwin]

  '@rollup/rollup-freebsd-arm64@4.52.2':
    resolution: {integrity: sha512-/eg4CI61ZUkLXxMHyVlmlGrSQZ34xqWlZNW43IAU4RmdzWEx0mQJ2mN/Cx4IHLVZFL6UBGAh+/GXhgvGb+nVxw==}
    cpu: [arm64]
    os: [freebsd]

  '@rollup/rollup-freebsd-x64@4.52.2':
    resolution: {integrity: sha512-QOWgFH5X9+p+S1NAfOqc0z8qEpJIoUHf7OWjNUGOeW18Mx22lAUOiA9b6r2/vpzLdfxi/f+VWsYjUOMCcYh0Ng==}
    cpu: [x64]
    os: [freebsd]

  '@rollup/rollup-linux-arm-gnueabihf@4.52.2':
    resolution: {integrity: sha512-kDWSPafToDd8LcBYd1t5jw7bD5Ojcu12S3uT372e5HKPzQt532vW+rGFFOaiR0opxePyUkHrwz8iWYEyH1IIQA==}
    cpu: [arm]
    os: [linux]

  '@rollup/rollup-linux-arm-musleabihf@4.52.2':
    resolution: {integrity: sha512-gKm7Mk9wCv6/rkzwCiUC4KnevYhlf8ztBrDRT9g/u//1fZLapSRc+eDZj2Eu2wpJ+0RzUKgtNijnVIB4ZxyL+w==}
    cpu: [arm]
    os: [linux]

  '@rollup/rollup-linux-arm64-gnu@4.52.2':
    resolution: {integrity: sha512-66lA8vnj5mB/rtDNwPgrrKUOtCLVQypkyDa2gMfOefXK6rcZAxKLO9Fy3GkW8VkPnENv9hBkNOFfGLf6rNKGUg==}
    cpu: [arm64]
    os: [linux]

  '@rollup/rollup-linux-arm64-musl@4.52.2':
    resolution: {integrity: sha512-s+OPucLNdJHvuZHuIz2WwncJ+SfWHFEmlC5nKMUgAelUeBUnlB4wt7rXWiyG4Zn07uY2Dd+SGyVa9oyLkVGOjA==}
    cpu: [arm64]
    os: [linux]

  '@rollup/rollup-linux-loong64-gnu@4.52.2':
    resolution: {integrity: sha512-8wTRM3+gVMDLLDdaT6tKmOE3lJyRy9NpJUS/ZRWmLCmOPIJhVyXwjBo+XbrrwtV33Em1/eCTd5TuGJm4+DmYjw==}
    cpu: [loong64]
    os: [linux]

  '@rollup/rollup-linux-ppc64-gnu@4.52.2':
    resolution: {integrity: sha512-6yqEfgJ1anIeuP2P/zhtfBlDpXUb80t8DpbYwXQ3bQd95JMvUaqiX+fKqYqUwZXqdJDd8xdilNtsHM2N0cFm6A==}
    cpu: [ppc64]
    os: [linux]

  '@rollup/rollup-linux-riscv64-gnu@4.52.2':
    resolution: {integrity: sha512-sshYUiYVSEI2B6dp4jMncwxbrUqRdNApF2c3bhtLAU0qA8Lrri0p0NauOsTWh3yCCCDyBOjESHMExonp7Nzc0w==}
    cpu: [riscv64]
    os: [linux]

  '@rollup/rollup-linux-riscv64-musl@4.52.2':
    resolution: {integrity: sha512-duBLgd+3pqC4MMwBrKkFxaZerUxZcYApQVC5SdbF5/e/589GwVvlRUnyqMFbM8iUSb1BaoX/3fRL7hB9m2Pj8Q==}
    cpu: [riscv64]
    os: [linux]

  '@rollup/rollup-linux-s390x-gnu@4.52.2':
    resolution: {integrity: sha512-tzhYJJidDUVGMgVyE+PmxENPHlvvqm1KILjjZhB8/xHYqAGeizh3GBGf9u6WdJpZrz1aCpIIHG0LgJgH9rVjHQ==}
    cpu: [s390x]
    os: [linux]

  '@rollup/rollup-linux-x64-gnu@4.52.2':
    resolution: {integrity: sha512-opH8GSUuVcCSSyHHcl5hELrmnk4waZoVpgn/4FDao9iyE4WpQhyWJ5ryl5M3ocp4qkRuHfyXnGqg8M9oKCEKRA==}
    cpu: [x64]
    os: [linux]

  '@rollup/rollup-linux-x64-musl@4.52.2':
    resolution: {integrity: sha512-LSeBHnGli1pPKVJ79ZVJgeZWWZXkEe/5o8kcn23M8eMKCUANejchJbF/JqzM4RRjOJfNRhKJk8FuqL1GKjF5oQ==}
    cpu: [x64]
    os: [linux]

  '@rollup/rollup-openharmony-arm64@4.52.2':
    resolution: {integrity: sha512-uPj7MQ6/s+/GOpolavm6BPo+6CbhbKYyZHUDvZ/SmJM7pfDBgdGisFX3bY/CBDMg2ZO4utfhlApkSfZ92yXw7Q==}
    cpu: [arm64]
    os: [openharmony]

  '@rollup/rollup-win32-arm64-msvc@4.52.2':
    resolution: {integrity: sha512-Z9MUCrSgIaUeeHAiNkm3cQyst2UhzjPraR3gYYfOjAuZI7tcFRTOD+4cHLPoS/3qinchth+V56vtqz1Tv+6KPA==}
    cpu: [arm64]
    os: [win32]

  '@rollup/rollup-win32-ia32-msvc@4.52.2':
    resolution: {integrity: sha512-+GnYBmpjldD3XQd+HMejo+0gJGwYIOfFeoBQv32xF/RUIvccUz20/V6Otdv+57NE70D5pa8W/jVGDoGq0oON4A==}
    cpu: [ia32]
    os: [win32]

  '@rollup/rollup-win32-x64-gnu@4.52.2':
    resolution: {integrity: sha512-ApXFKluSB6kDQkAqZOKXBjiaqdF1BlKi+/eqnYe9Ee7U2K3pUDKsIyr8EYm/QDHTJIM+4X+lI0gJc3TTRhd+dA==}
    cpu: [x64]
    os: [win32]

  '@rollup/rollup-win32-x64-msvc@4.52.2':
    resolution: {integrity: sha512-ARz+Bs8kY6FtitYM96PqPEVvPXqEZmPZsSkXvyX19YzDqkCaIlhCieLLMI5hxO9SRZ2XtCtm8wxhy0iJ2jxNfw==}
    cpu: [x64]
    os: [win32]

  '@types/estree@1.0.8':
    resolution: {integrity: sha512-dWHzHa2WqEXI/O1E9OjrocMTKJl2mSrEolh1Iomrv6U+JuNwaHXsXx9bLu5gG7BUWFIN0skIQJQ/L1rIex4X6w==}

  '@types/node@22.18.6':
    resolution: {integrity: sha512-r8uszLPpeIWbNKtvWRt/DbVi5zbqZyj1PTmhRMqBMvDnaz1QpmSKujUtJLrqGZeoM8v72MfYggDceY4K1itzWQ==}

  '@types/webrtc@0.0.46':
    resolution: {integrity: sha512-cvCnjKy0ma9ODWbVYBTMMB+WkocwLcscCwn2/caDVdb9MWaesS8PYGapIIHFsAaIBXRFlH1Fc7ZjIBO6pH0HKA==}

  esbuild@0.25.0:
    resolution: {integrity: sha512-BXq5mqc8ltbaN34cDqWuYKyNhX8D/Z0J1xdtdQ8UcIIIyJyz+ZMKUt58tF3SrZ85jcfN/PZYhjR5uDQAYNVbuw==}
    engines: {node: '>=18'}
    hasBin: true

  fdir@6.5.0:
    resolution: {integrity: sha512-tIbYtZbucOs0BRGqPJkshJUYdL+SDH7dVM8gjy+ERp3WAUjLEFJE+02kanyHtwjWOnwrKYBiwAmM0p4kLJAnXg==}
    engines: {node: '>=12.0.0'}
    peerDependencies:
      picomatch: ^3 || ^4
    peerDependenciesMeta:
      picomatch:
        optional: true

  fsevents@2.3.2:
    resolution: {integrity: sha512-xiqMQR4xAeHTuB9uWm+fFRcIOgKBMiOBP+eXiyT7jsgVCq1bkVygt00oASowB7EdtpOHaaPgKt812P9ab+DDKA==}
    engines: {node: ^8.16.0 || ^10.6.0 || >=11.0.0}
    os: [darwin]

  fsevents@2.3.3:
    resolution: {integrity: sha512-5xoDfX+fL7faATnagmWPpbFtwh/R77WmMMqqHGS65C3vvB0YHrgF+B1YmZ3441tMj5n63k0212XNoJwzlhffQw==}
    engines: {node: ^8.16.0 || ^10.6.0 || >=11.0.0}
    os: [darwin]

  nanoid@3.3.11:
    resolution: {integrity: sha512-N8SpfPUnUp1bK+PMYW8qSWdl9U+wwNWI4QKxOYDy9JAro3WMX7p2OeVRF9v+347pnakNevPmiHhNmZ2HbFA76w==}
    engines: {node: ^10 || ^12 || ^13.7 || ^14 || >=15.0.1}
    hasBin: true

  picocolors@1.1.1:
    resolution: {integrity: sha512-xceH2snhtb5M9liqDsmEw56le376mTZkEX/jEb/RxNFyegNul7eNslCXP9FDj/Lcu0X8KEyMceP2ntpaHrDEVA==}

  picomatch@4.0.3:
    resolution: {integrity: sha512-5gTmgEY/sqK6gFXLIsQNH19lWb4ebPDLA4SdLP7dsWkIXHWlG66oPuVvXSGFPppYZz8ZDZq0dYYrbHfBCVUb1Q==}
    engines: {node: '>=12'}

  playwright-core@1.55.0:
    resolution: {integrity: sha512-GvZs4vU3U5ro2nZpeiwyb0zuFaqb9sUiAJuyrWpcGouD8y9/HLgGbNRjIph7zU9D3hnPaisMl9zG9CgFi/biIg==}
    engines: {node: '>=18'}
    hasBin: true

  playwright@1.55.0:
    resolution: {integrity: sha512-sdCWStblvV1YU909Xqx0DhOjPZE4/5lJsIS84IfN9dAZfcl/CIZ5O8l3o0j7hPMjDvqoTF8ZUcc+i/GL5erstA==}
    engines: {node: '>=18'}
    hasBin: true

  postcss@8.5.6:
    resolution: {integrity: sha512-3Ybi1tAuwAP9s0r1UQ2J4n5Y0G05bJkpUIO0/bI9MhwmD70S5aTWbXGBwxHrelT+XM1k6dM0pk+SwNkpTRN7Pg==}
    engines: {node: ^10 || ^12 || >=14}

  rollup@4.52.2:
    resolution: {integrity: sha512-I25/2QgoROE1vYV+NQ1En9T9UFB9Cmfm2CJ83zZOlaDpvz29wGQSZXWKw7MiNXau7wYgB/T9fVIdIuEQ+KbiiA==}
    engines: {node: '>=18.0.0', npm: '>=8.0.0'}
    hasBin: true

  source-map-js@1.2.1:
    resolution: {integrity: sha512-UXWMKhLOwVKb728IUtQPXxfYU+usdybtUrK/8uGE8CQMvrhOpwvzDBwj0QhSL7MQc7vIsISBG8VQ8+IDQxpfQA==}
    engines: {node: '>=0.10.0'}

  tinyglobby@0.2.15:
    resolution: {integrity: sha512-j2Zq4NyQYG5XMST4cbs02Ak8iJUdxRM0XI5QyxXuZOzKOINmWurp3smXu3y5wDcJrptwpSjgXHzIQxR0omXljQ==}
    engines: {node: '>=12.0.0'}

  typescript@5.9.2:
    resolution: {integrity: sha512-CWBzXQrc/qOkhidw1OzBTQuYRbfyxDXJMVJ1XNwUHGROVmuaeiEm3OslpZ1RV96d7SKKjZKrSJu3+t/xlw3R9A==}
    engines: {node: '>=14.17'}
    hasBin: true

  undici-types@6.21.0:
    resolution: {integrity: sha512-iwDZqg0QAGrg9Rav5H4n0M64c3mkR59cJ6wQp+7C4nI0gsmExaedaYLNO44eT4AtBBwjbTiGPMlt2Md0T9H9JQ==}

  vite@7.1.7:
    resolution: {integrity: sha512-VbA8ScMvAISJNJVbRDTJdCwqQoAareR/wutevKanhR2/1EkoXVZVkkORaYm/tNVCjP/UDTKtcw3bAkwOUdedmA==}
    engines: {node: ^20.19.0 || >=22.12.0}
    hasBin: true
    peerDependencies:
      '@types/node': ^20.19.0 || >=22.12.0
      jiti: '>=1.21.0'
      less: ^4.0.0
      lightningcss: ^1.21.0
      sass: ^1.70.0
      sass-embedded: ^1.70.0
      stylus: '>=0.54.8'
      sugarss: ^5.0.0
      terser: ^5.16.0
      tsx: ^4.8.1
      yaml: ^2.4.2
    peerDependenciesMeta:
      '@types/node':
        optional: true
      jiti:
        optional: true
      less:
        optional: true
      lightningcss:
        optional: true
      sass:
        optional: true
      sass-embedded:
        optional: true
      stylus:
        optional: true
      sugarss:
        optional: true
      terser:
        optional: true
      tsx:
        optional: true
      yaml:
        optional: true

snapshots:

  '@biomejs/biome@1.9.4':
    optionalDependencies:
      '@biomejs/cli-darwin-arm64': 1.9.4
      '@biomejs/cli-darwin-x64': 1.9.4
      '@biomejs/cli-linux-arm64': 1.9.4
      '@biomejs/cli-linux-arm64-musl': 1.9.4
      '@biomejs/cli-linux-x64': 1.9.4
      '@biomejs/cli-linux-x64-musl': 1.9.4
      '@biomejs/cli-win32-arm64': 1.9.4
      '@biomejs/cli-win32-x64': 1.9.4

  '@biomejs/cli-darwin-arm64@1.9.4':
    optional: true

  '@biomejs/cli-darwin-x64@1.9.4':
    optional: true

  '@biomejs/cli-linux-arm64-musl@1.9.4':
    optional: true

  '@biomejs/cli-linux-arm64@1.9.4':
    optional: true

  '@biomejs/cli-linux-x64-musl@1.9.4':
    optional: true

  '@biomejs/cli-linux-x64@1.9.4':
    optional: true

  '@biomejs/cli-win32-arm64@1.9.4':
    optional: true

  '@biomejs/cli-win32-x64@1.9.4':
    optional: true

  '@esbuild/aix-ppc64@0.25.0':
    optional: true

  '@esbuild/android-arm64@0.25.0':
    optional: true

  '@esbuild/android-arm@0.25.0':
    optional: true

  '@esbuild/android-x64@0.25.0':
    optional: true

  '@esbuild/darwin-arm64@0.25.0':
    optional: true

  '@esbuild/darwin-x64@0.25.0':
    optional: true

  '@esbuild/freebsd-arm64@0.25.0':
    optional: true

  '@esbuild/freebsd-x64@0.25.0':
    optional: true

  '@esbuild/linux-arm64@0.25.0':
    optional: true

  '@esbuild/linux-arm@0.25.0':
    optional: true

  '@esbuild/linux-ia32@0.25.0':
    optional: true

  '@esbuild/linux-loong64@0.25.0':
    optional: true

  '@esbuild/linux-mips64el@0.25.0':
    optional: true

  '@esbuild/linux-ppc64@0.25.0':
    optional: true

  '@esbuild/linux-riscv64@0.25.0':
    optional: true

  '@esbuild/linux-s390x@0.25.0':
    optional: true

  '@esbuild/linux-x64@0.25.0':
    optional: true

  '@esbuild/netbsd-arm64@0.25.0':
    optional: true

  '@esbuild/netbsd-x64@0.25.0':
    optional: true

  '@esbuild/openbsd-arm64@0.25.0':
    optional: true

  '@esbuild/openbsd-x64@0.25.0':
    optional: true

  '@esbuild/sunos-x64@0.25.0':
    optional: true

  '@esbuild/win32-arm64@0.25.0':
    optional: true

  '@esbuild/win32-ia32@0.25.0':
    optional: true

  '@esbuild/win32-x64@0.25.0':
    optional: true

  '@open-ayame/ayame-web-sdk@2025.1.1': {}

  '@playwright/test@1.55.0':
    dependencies:
      playwright: 1.55.0

  '@rollup/rollup-android-arm-eabi@4.52.2':
    optional: true

  '@rollup/rollup-android-arm64@4.52.2':
    optional: true

  '@rollup/rollup-darwin-arm64@4.52.2':
    optional: true

  '@rollup/rollup-darwin-x64@4.52.2':
    optional: true

  '@rollup/rollup-freebsd-arm64@4.52.2':
    optional: true

  '@rollup/rollup-freebsd-x64@4.52.2':
    optional: true

  '@rollup/rollup-linux-arm-gnueabihf@4.52.2':
    optional: true

  '@rollup/rollup-linux-arm-musleabihf@4.52.2':
    optional: true

  '@rollup/rollup-linux-arm64-gnu@4.52.2':
    optional: true

  '@rollup/rollup-linux-arm64-musl@4.52.2':
    optional: true

  '@rollup/rollup-linux-loong64-gnu@4.52.2':
    optional: true

  '@rollup/rollup-linux-ppc64-gnu@4.52.2':
    optional: true

  '@rollup/rollup-linux-riscv64-gnu@4.52.2':
    optional: true

  '@rollup/rollup-linux-riscv64-musl@4.52.2':
    optional: true

  '@rollup/rollup-linux-s390x-gnu@4.52.2':
    optional: true

  '@rollup/rollup-linux-x64-gnu@4.52.2':
    optional: true

  '@rollup/rollup-linux-x64-musl@4.52.2':
    optional: true

  '@rollup/rollup-openharmony-arm64@4.52.2':
    optional: true

  '@rollup/rollup-win32-arm64-msvc@4.52.2':
    optional: true

  '@rollup/rollup-win32-ia32-msvc@4.52.2':
    optional: true

  '@rollup/rollup-win32-x64-gnu@4.52.2':
    optional: true

  '@rollup/rollup-win32-x64-msvc@4.52.2':
    optional: true

  '@types/estree@1.0.8': {}

  '@types/node@22.18.6':
    dependencies:
      undici-types: 6.21.0

  '@types/webrtc@0.0.46': {}

  esbuild@0.25.0:
    optionalDependencies:
      '@esbuild/aix-ppc64': 0.25.0
      '@esbuild/android-arm': 0.25.0
      '@esbuild/android-arm64': 0.25.0
      '@esbuild/android-x64': 0.25.0
      '@esbuild/darwin-arm64': 0.25.0
      '@esbuild/darwin-x64': 0.25.0
      '@esbuild/freebsd-arm64': 0.25.0
      '@esbuild/freebsd-x64': 0.25.0
      '@esbuild/linux-arm': 0.25.0
      '@esbuild/linux-arm64': 0.25.0
      '@esbuild/linux-ia32': 0.25.0
      '@esbuild/linux-loong64': 0.25.0
      '@esbuild/linux-mips64el': 0.25.0
      '@esbuild/linux-ppc64': 0.25.0
      '@esbuild/linux-riscv64': 0.25.0
      '@esbuild/linux-s390x': 0.25.0
      '@esbuild/linux-x64': 0.25.0
      '@esbuild/netbsd-arm64': 0.25.0
      '@esbuild/netbsd-x64': 0.25.0
      '@esbuild/openbsd-arm64': 0.25.0
      '@esbuild/openbsd-x64': 0.25.0
      '@esbuild/sunos-x64': 0.25.0
      '@esbuild/win32-arm64': 0.25.0
      '@esbuild/win32-ia32': 0.25.0
      '@esbuild/win32-x64': 0.25.0

  fdir@6.5.0(picomatch@4.0.3):
    optionalDependencies:
      picomatch: 4.0.3

  fsevents@2.3.2:
    optional: true

  fsevents@2.3.3:
    optional: true

  nanoid@3.3.11: {}

  picocolors@1.1.1: {}

  picomatch@4.0.3: {}

  playwright-core@1.55.0: {}

  playwright@1.55.0:
    dependencies:
      playwright-core: 1.55.0
    optionalDependencies:
      fsevents: 2.3.2

  postcss@8.5.6:
    dependencies:
      nanoid: 3.3.11
      picocolors: 1.1.1
      source-map-js: 1.2.1

  rollup@4.52.2:
    dependencies:
      '@types/estree': 1.0.8
    optionalDependencies:
      '@rollup/rollup-android-arm-eabi': 4.52.2
      '@rollup/rollup-android-arm64': 4.52.2
      '@rollup/rollup-darwin-arm64': 4.52.2
      '@rollup/rollup-darwin-x64': 4.52.2
      '@rollup/rollup-freebsd-arm64': 4.52.2
      '@rollup/rollup-freebsd-x64': 4.52.2
      '@rollup/rollup-linux-arm-gnueabihf': 4.52.2
      '@rollup/rollup-linux-arm-musleabihf': 4.52.2
      '@rollup/rollup-linux-arm64-gnu': 4.52.2
      '@rollup/rollup-linux-arm64-musl': 4.52.2
      '@rollup/rollup-linux-loong64-gnu': 4.52.2
      '@rollup/rollup-linux-ppc64-gnu': 4.52.2
      '@rollup/rollup-linux-riscv64-gnu': 4.52.2
      '@rollup/rollup-linux-riscv64-musl': 4.52.2
      '@rollup/rollup-linux-s390x-gnu': 4.52.2
      '@rollup/rollup-linux-x64-gnu': 4.52.2
      '@rollup/rollup-linux-x64-musl': 4.52.2
      '@rollup/rollup-openharmony-arm64': 4.52.2
      '@rollup/rollup-win32-arm64-msvc': 4.52.2
      '@rollup/rollup-win32-ia32-msvc': 4.52.2
      '@rollup/rollup-win32-x64-gnu': 4.52.2
      '@rollup/rollup-win32-x64-msvc': 4.52.2
      fsevents: 2.3.3

  source-map-js@1.2.1: {}

  tinyglobby@0.2.15:
    dependencies:
      fdir: 6.5.0(picomatch@4.0.3)
      picomatch: 4.0.3

  typescript@5.9.2: {}

  undici-types@6.21.0: {}

  vite@7.1.7(@types/node@22.18.6):
    dependencies:
      esbuild: 0.25.0
      fdir: 6.5.0(picomatch@4.0.3)
      picomatch: 4.0.3
      postcss: 8.5.6
      rollup: 4.52.2
      tinyglobby: 0.2.15
    optionalDependencies:
      '@types/node': 22.18.6
      fsevents: 2.3.3
